// !$*UTF8*$!
{
	archiveVersion = 1;
	classes = {
	};
	objectVersion = 46;
	objects = {

/* Begin PBXBuildFile section */
		DF5FA1101D91313400821F79 /* QRCodeGenerator.swift in Sources */ = {isa = PBXBuildFile; fileRef = DF5FA10F1D91313400821F79 /* QRCodeGenerator.swift */; };
		DF9F5B2D1D91371600DC7EEB /* CoreImage.framework in Frameworks */ = {isa = PBXBuildFile; fileRef = DF9F5B2B1D9136AF00DC7EEB /* CoreImage.framework */; };
		_LinkFileRef_QRSwift_via_QRSwiftTests /* QRSwift.framework in Frameworks */ = {isa = PBXBuildFile; fileRef = "_____Product_QRSwift" /* QRSwift.framework */; };
		__src_cc_ref_Tests/QRSwiftTests/QRSwiftTests.swift /* QRSwiftTests.swift in Sources */ = {isa = PBXBuildFile; fileRef = __PBXFileRef_Tests/QRSwiftTests/QRSwiftTests.swift /* QRSwiftTests.swift */; };
/* End PBXBuildFile section */

/* Begin PBXContainerItemProxy section */
		DFA78A1E1D9119C60093829E /* PBXContainerItemProxy */ = {
			isa = PBXContainerItemProxy;
			containerPortal = __RootObject_ /* Project object */;
			proxyType = 1;
			remoteGlobalIDString = "______Target_QRSwift";
			remoteInfo = QRSwift;
		};
/* End PBXContainerItemProxy section */

/* Begin PBXFileReference section */
		DF5FA10F1D91313400821F79 /* QRCodeGenerator.swift */ = {isa = PBXFileReference; fileEncoding = 4; lastKnownFileType = sourcecode.swift; path = QRCodeGenerator.swift; sourceTree = "<group>"; };
		DF9F5B2B1D9136AF00DC7EEB /* CoreImage.framework */ = {isa = PBXFileReference; lastKnownFileType = wrapper.framework; name = CoreImage.framework; path = System/Library/Frameworks/CoreImage.framework; sourceTree = SDKROOT; };
		DF9F5B2E1D9141F600DC7EEB /* QRSwift.playground */ = {isa = PBXFileReference; lastKnownFileType = file.playground; path = QRSwift.playground; sourceTree = "<group>"; };
		__PBXFileRef_Package.swift /* Package.swift */ = {isa = PBXFileReference; lastKnownFileType = sourcecode.swift; path = Package.swift; sourceTree = "<group>"; };
		__PBXFileRef_QRSwift.xcodeproj/Configs/Project.xcconfig /* QRSwift.xcodeproj/Configs/Project.xcconfig */ = {isa = PBXFileReference; lastKnownFileType = text.xcconfig; path = QRSwift.xcodeproj/Configs/Project.xcconfig; sourceTree = "<group>"; };
		__PBXFileRef_Tests/QRSwiftTests/QRSwiftTests.swift /* QRSwiftTests.swift */ = {isa = PBXFileReference; lastKnownFileType = sourcecode.swift; path = QRSwiftTests.swift; sourceTree = "<group>"; };
		"_____Product_QRSwift" /* QRSwift.framework */ = {isa = PBXFileReference; explicitFileType = wrapper.framework; path = QRSwift.framework; sourceTree = BUILT_PRODUCTS_DIR; };
		"_____Product_QRSwiftTests" /* QRSwiftTests.xctest */ = {isa = PBXFileReference; explicitFileType = wrapper.cfbundle; path = QRSwiftTests.xctest; sourceTree = BUILT_PRODUCTS_DIR; };
/* End PBXFileReference section */

/* Begin PBXFrameworksBuildPhase section */
		"___LinkPhase_QRSwift" /* Frameworks */ = {
			isa = PBXFrameworksBuildPhase;
			buildActionMask = 0;
			files = (
				DF9F5B2D1D91371600DC7EEB /* CoreImage.framework in Frameworks */,
			);
			runOnlyForDeploymentPostprocessing = 0;
		};
		"___LinkPhase_QRSwiftTests" /* Frameworks */ = {
			isa = PBXFrameworksBuildPhase;
			buildActionMask = 0;
			files = (
				_LinkFileRef_QRSwift_via_QRSwiftTests /* QRSwift.framework in Frameworks */,
			);
			runOnlyForDeploymentPostprocessing = 0;
		};
/* End PBXFrameworksBuildPhase section */

/* Begin PBXGroup section */
		DF9F5B2A1D9136AF00DC7EEB /* Frameworks */ = {
			isa = PBXGroup;
			children = (
				DF9F5B2B1D9136AF00DC7EEB /* CoreImage.framework */,
			);
			name = Frameworks;
			sourceTree = "<group>";
		};
		TestProducts_ /* Tests */ = {
			isa = PBXGroup;
			children = (
				"_____Product_QRSwiftTests" /* QRSwiftTests.xctest */,
			);
			name = Tests;
			sourceTree = "<group>";
		};
		"___RootGroup_" = {
			isa = PBXGroup;
			children = (
				DF9F5B2E1D9141F600DC7EEB /* QRSwift.playground */,
				__PBXFileRef_Package.swift /* Package.swift */,
				"_____Configs_" /* Configs */,
				"_____Sources_" /* Sources */,
				"_______Tests_" /* Tests */,
				"____Products_" /* Products */,
				DF9F5B2A1D9136AF00DC7EEB /* Frameworks */,
			);
			sourceTree = "<group>";
		};
		"____Products_" /* Products */ = {
			isa = PBXGroup;
			children = (
				TestProducts_ /* Tests */,
				"_____Product_QRSwift" /* QRSwift.framework */,
			);
			name = Products;
			sourceTree = "<group>";
		};
		"_____Configs_" /* Configs */ = {
			isa = PBXGroup;
			children = (
				__PBXFileRef_QRSwift.xcodeproj/Configs/Project.xcconfig /* QRSwift.xcodeproj/Configs/Project.xcconfig */,
			);
			name = Configs;
			sourceTree = "<group>";
		};
		"_____Sources_" /* Sources */ = {
			isa = PBXGroup;
			children = (
				"_______Group_QRSwift" /* QRSwift */,
			);
			name = Sources;
			sourceTree = "<group>";
		};
		"_______Group_QRSwift" /* QRSwift */ = {
			isa = PBXGroup;
			children = (
				DF5FA10F1D91313400821F79 /* QRCodeGenerator.swift */,
			);
			name = QRSwift;
			path = Sources/QRSwift;
			sourceTree = "<group>";
		};
		"_______Group_QRSwiftTests" /* QRSwiftTests */ = {
			isa = PBXGroup;
			children = (
				__PBXFileRef_Tests/QRSwiftTests/QRSwiftTests.swift /* QRSwiftTests.swift */,
			);
			name = QRSwiftTests;
			path = Tests/QRSwiftTests;
			sourceTree = "<group>";
		};
		"_______Tests_" /* Tests */ = {
			isa = PBXGroup;
			children = (
				"_______Group_QRSwiftTests" /* QRSwiftTests */,
			);
			name = Tests;
			sourceTree = "<group>";
		};
/* End PBXGroup section */

/* Begin PBXNativeTarget section */
		"______Target_QRSwift" /* QRSwift */ = {
			isa = PBXNativeTarget;
			buildConfigurationList = "_______Confs_QRSwift" /* Build configuration list for PBXNativeTarget "QRSwift" */;
			buildPhases = (
				CompilePhase_QRSwift /* Sources */,
				"___LinkPhase_QRSwift" /* Frameworks */,
			);
			buildRules = (
			);
			dependencies = (
			);
			name = QRSwift;
			productName = QRSwift;
			productReference = "_____Product_QRSwift" /* QRSwift.framework */;
			productType = "com.apple.product-type.framework";
		};
		"______Target_QRSwiftTests" /* QRSwiftTests */ = {
			isa = PBXNativeTarget;
			buildConfigurationList = "_______Confs_QRSwiftTests" /* Build configuration list for PBXNativeTarget "QRSwiftTests" */;
			buildPhases = (
				CompilePhase_QRSwiftTests /* Sources */,
				"___LinkPhase_QRSwiftTests" /* Frameworks */,
			);
			buildRules = (
			);
			dependencies = (
				__Dependency_QRSwift /* PBXTargetDependency */,
			);
			name = QRSwiftTests;
			productName = QRSwiftTests;
			productReference = "_____Product_QRSwiftTests" /* QRSwiftTests.xctest */;
			productType = "com.apple.product-type.bundle.unit-test";
		};
/* End PBXNativeTarget section */

/* Begin PBXProject section */
		__RootObject_ /* Project object */ = {
			isa = PBXProject;
			attributes = {
				LastUpgradeCheck = 9999;
				TargetAttributes = {
					"______Target_QRSwift" = {
						LastSwiftMigration = 0800;
					};
				};
			};
			buildConfigurationList = "___RootConfs_" /* Build configuration list for PBXProject "QRSwift" */;
			compatibilityVersion = "Xcode 3.2";
			developmentRegion = English;
			hasScannedForEncodings = 0;
			knownRegions = (
				en,
			);
			mainGroup = "___RootGroup_";
			productRefGroup = "____Products_" /* Products */;
			projectDirPath = "";
			projectRoot = "";
			targets = (
				"______Target_QRSwift" /* QRSwift */,
				"______Target_QRSwiftTests" /* QRSwiftTests */,
			);
		};
/* End PBXProject section */

/* Begin PBXSourcesBuildPhase section */
		CompilePhase_QRSwift /* Sources */ = {
			isa = PBXSourcesBuildPhase;
			buildActionMask = 0;
			files = (
				DF5FA1101D91313400821F79 /* QRCodeGenerator.swift in Sources */,
			);
			runOnlyForDeploymentPostprocessing = 0;
		};
		CompilePhase_QRSwiftTests /* Sources */ = {
			isa = PBXSourcesBuildPhase;
			buildActionMask = 0;
			files = (
				__src_cc_ref_Tests/QRSwiftTests/QRSwiftTests.swift /* QRSwiftTests.swift in Sources */,
			);
			runOnlyForDeploymentPostprocessing = 0;
		};
/* End PBXSourcesBuildPhase section */

/* Begin PBXTargetDependency section */
		__Dependency_QRSwift /* PBXTargetDependency */ = {
			isa = PBXTargetDependency;
			target = "______Target_QRSwift" /* QRSwift */;
			targetProxy = DFA78A1E1D9119C60093829E /* PBXContainerItemProxy */;
		};
/* End PBXTargetDependency section */

/* Begin XCBuildConfiguration section */
		_ReleaseConf_QRSwift /* Release */ = {
			isa = XCBuildConfiguration;
			buildSettings = {
				APPLICATION_EXTENSION_API_ONLY = YES;
				CLANG_ENABLE_MODULES = YES;
				CURRENT_PROJECT_VERSION = 0.3.1;
				DEFINES_MODULE = YES;
				ENABLE_TESTABILITY = YES;
				FRAMEWORK_SEARCH_PATHS = "$(PLATFORM_DIR)/Developer/Library/Frameworks";
				INFOPLIST_FILE = QRSwift.xcodeproj/QRSwift_Info.plist;
				LD_RUNPATH_SEARCH_PATHS = "$(TOOLCHAIN_DIR)/usr/lib/swift/macosx";
				OTHER_LDFLAGS = "$(inherited)";
				OTHER_SWIFT_FLAGS = "$(inherited)";
				PRODUCT_BUNDLE_IDENTIFIER = QRSwift;
				PRODUCT_MODULE_NAME = "$(TARGET_NAME:c99extidentifier)";
				PRODUCT_NAME = "$(TARGET_NAME:c99extidentifier)";
				SWIFT_VERSION = 3.0;
				VERSIONING_SYSTEM = "apple-generic";
			};
			name = Release;
		};
		_ReleaseConf_QRSwiftTests /* Release */ = {
			isa = XCBuildConfiguration;
			buildSettings = {
				ALWAYS_EMBED_SWIFT_STANDARD_LIBRARIES = YES;
				EMBEDDED_CONTENT_CONTAINS_SWIFT = YES;
				FRAMEWORK_SEARCH_PATHS = "$(PLATFORM_DIR)/Developer/Library/Frameworks";
				INFOPLIST_FILE = QRSwift.xcodeproj/QRSwiftTests_Info.plist;
				LD_RUNPATH_SEARCH_PATHS = "@loader_path/../Frameworks @loader_path/Frameworks @executable_path/../Frameworks @executable_path/Frameworks";
				OTHER_LDFLAGS = "$(inherited)";
				OTHER_SWIFT_FLAGS = "$(inherited)";
				SWIFT_VERSION = 3.0;
			};
			name = Release;
		};
		"___DebugConf_QRSwift" /* Debug */ = {
			isa = XCBuildConfiguration;
			buildSettings = {
				APPLICATION_EXTENSION_API_ONLY = YES;
				CLANG_ENABLE_MODULES = YES;
				CURRENT_PROJECT_VERSION = 0.3.1;
				DEFINES_MODULE = YES;
				ENABLE_TESTABILITY = YES;
				FRAMEWORK_SEARCH_PATHS = "$(PLATFORM_DIR)/Developer/Library/Frameworks";
				INFOPLIST_FILE = QRSwift.xcodeproj/QRSwift_Info.plist;
				LD_RUNPATH_SEARCH_PATHS = "$(TOOLCHAIN_DIR)/usr/lib/swift/macosx";
				OTHER_LDFLAGS = "$(inherited)";
				OTHER_SWIFT_FLAGS = "$(inherited)";
				PRODUCT_BUNDLE_IDENTIFIER = QRSwift;
				PRODUCT_MODULE_NAME = "$(TARGET_NAME:c99extidentifier)";
				PRODUCT_NAME = "$(TARGET_NAME:c99extidentifier)";
				SWIFT_OPTIMIZATION_LEVEL = "-Onone";
				SWIFT_VERSION = 3.0;
				VERSIONING_SYSTEM = "apple-generic";
			};
			name = Debug;
		};
		"___DebugConf_QRSwiftTests" /* Debug */ = {
			isa = XCBuildConfiguration;
			buildSettings = {
				ALWAYS_EMBED_SWIFT_STANDARD_LIBRARIES = YES;
				EMBEDDED_CONTENT_CONTAINS_SWIFT = YES;
				FRAMEWORK_SEARCH_PATHS = "$(PLATFORM_DIR)/Developer/Library/Frameworks";
				INFOPLIST_FILE = QRSwift.xcodeproj/QRSwiftTests_Info.plist;
				LD_RUNPATH_SEARCH_PATHS = "@loader_path/../Frameworks @loader_path/Frameworks @executable_path/../Frameworks @executable_path/Frameworks";
				OTHER_LDFLAGS = "$(inherited)";
				OTHER_SWIFT_FLAGS = "$(inherited)";
				SWIFT_OPTIMIZATION_LEVEL = "-Onone";
				SWIFT_VERSION = 3.0;
			};
			name = Debug;
		};
		"_____Release_" /* Release */ = {
			isa = XCBuildConfiguration;
			baseConfigurationReference = __PBXFileRef_QRSwift.xcodeproj/Configs/Project.xcconfig /* QRSwift.xcodeproj/Configs/Project.xcconfig */;
			buildSettings = {
			};
			name = Release;
		};
		"_______Debug_" /* Debug */ = {
			isa = XCBuildConfiguration;
			baseConfigurationReference = __PBXFileRef_QRSwift.xcodeproj/Configs/Project.xcconfig /* QRSwift.xcodeproj/Configs/Project.xcconfig */;
			buildSettings = {
			};
			name = Debug;
		};
/* End XCBuildConfiguration section */

/* Begin XCConfigurationList section */
		"___RootConfs_" /* Build configuration list for PBXProject "QRSwift" */ = {
			isa = XCConfigurationList;
			buildConfigurations = (
				"_______Debug_" /* Debug */,
				"_____Release_" /* Release */,
			);
			defaultConfigurationIsVisible = 0;
			defaultConfigurationName = Debug;
		};
		"_______Confs_QRSwift" /* Build configuration list for PBXNativeTarget "QRSwift" */ = {
			isa = XCConfigurationList;
			buildConfigurations = (
				"___DebugConf_QRSwift" /* Debug */,
				_ReleaseConf_QRSwift /* Release */,
			);
			defaultConfigurationIsVisible = 0;
			defaultConfigurationName = Debug;
		};
		"_______Confs_QRSwiftTests" /* Build configuration list for PBXNativeTarget "QRSwiftTests" */ = {
			isa = XCConfigurationList;
			buildConfigurations = (
				"___DebugConf_QRSwiftTests" /* Debug */,
				_ReleaseConf_QRSwiftTests /* Release */,
			);
			defaultConfigurationIsVisible = 0;
			defaultConfigurationName = Debug;
		};
/* End XCConfigurationList section */
	};
	rootObject = __RootObject_ /* Project object */;
}
