// !$*UTF8*$!
{
	archiveVersion = 1;
	classes = {
	};
	objectVersion = 46;
	objects = {

/* Begin PBXGroup section */
		DFD8AB8E1CDAF7D000CF545D = {
			isa = PBXGroup;
			children = (
			);
			sourceTree = "<group>";
		};
/* End PBXGroup section */

/* Begin PBXProject section */
		DFD8AB8F1CDAF7D000CF545D /* Project object */ = {
			isa = PBXProject;
			attributes = {
				LastUpgradeCheck = 0730;
			};
			buildConfigurationList = DFD8AB921CDAF7D000CF545D /* Build configuration list for PBXProject "QRSwift" */;
			compatibilityVersion = "Xcode 3.2";
			developmentRegion = English;
			hasScannedForEncodings = 0;
			knownRegions = (
				en,
			);
			mainGroup = DFD8AB8E1CDAF7D000CF545D;
			projectDirPath = "";
			projectRoot = "";
			targets = (
			);
		};
/* End PBXProject section */

/* Begin XCBuildConfiguration section */
		DFD8AB931CDAF7D000CF545D /* Debug */ = {
			isa = XCBuildConfiguration;
			buildSettings = {
			};
			name = Debug;
		};
		DFD8AB941CDAF7D000CF545D /* Release */ = {
			isa = XCBuildConfiguration;
			buildSettings = {
			};
			name = Release;
		};
/* End XCBuildConfiguration section */

/* Begin XCConfigurationList section */
		DFD8AB921CDAF7D000CF545D /* Build configuration list for PBXProject "QRSwift" */ = {
			isa = XCConfigurationList;
			buildConfigurations = (
				DFD8AB931CDAF7D000CF545D /* Debug */,
				DFD8AB941CDAF7D000CF545D /* Release */,
			);
			defaultConfigurationIsVisible = 0;
			defaultConfigurationName = Release;
		};
/* End XCConfigurationList section */
	};
	rootObject = DFD8AB8F1CDAF7D000CF545D /* Project object */;
}
